// !$*UTF8*$!
{
	archiveVersion = 1;
	classes = {
	};
	objectVersion = 50;
	objects = {

/* Begin PBXBuildFile section */
		FF11C2E92515B089008FC268 /* BindingIsCheckedApp.swift in Sources */ = {isa = PBXBuildFile; fileRef = FF11C2E82515B089008FC268 /* BindingIsCheckedApp.swift */; };
		FF11C2EB2515B089008FC268 /* ContentView.swift in Sources */ = {isa = PBXBuildFile; fileRef = FF11C2EA2515B089008FC268 /* ContentView.swift */; };
		FF11C2ED2515B08E008FC268 /* Assets.xcassets in Resources */ = {isa = PBXBuildFile; fileRef = FF11C2EC2515B08E008FC268 /* Assets.xcassets */; };
		FF11C2F02515B08E008FC268 /* Preview Assets.xcassets in Resources */ = {isa = PBXBuildFile; fileRef = FF11C2EF2515B08E008FC268 /* Preview Assets.xcassets */; };
/* End PBXBuildFile section */

/* Begin PBXFileReference section */
		FF11C2E52515B089008FC268 /* BindingIsChecked.app */ = {isa = PBXFileReference; explicitFileType = wrapper.application; includeInIndex = 0; path = BindingIsChecked.app; sourceTree = BUILT_PRODUCTS_DIR; };
		FF11C2E82515B089008FC268 /* BindingIsCheckedApp.swift */ = {isa = PBXFileReference; lastKnownFileType = sourcecode.swift; path = BindingIsCheckedApp.swift; sourceTree = "<group>"; };
		FF11C2EA2515B089008FC268 /* ContentView.swift */ = {isa = PBXFileReference; lastKnownFileType = sourcecode.swift; path = ContentView.swift; sourceTree = "<group>"; };
		FF11C2EC2515B08E008FC268 /* Assets.xcassets */ = {isa = PBXFileReference; lastKnownFileType = folder.assetcatalog; path = Assets.xcassets; sourceTree = "<group>"; };
		FF11C2EF2515B08E008FC268 /* Preview Assets.xcassets */ = {isa = PBXFileReference; lastKnownFileType = folder.assetcatalog; path = "Preview Assets.xcassets"; sourceTree = "<group>"; };
		FF11C2F12515B08E008FC268 /* Info.plist */ = {isa = PBXFileReference; lastKnownFileType = text.plist.xml; path = Info.plist; sourceTree = "<group>"; };
/* End PBXFileReference section */

/* Begin PBXFrameworksBuildPhase section */
		FF11C2E22515B089008FC268 /* Frameworks */ = {
			isa = PBXFrameworksBuildPhase;
			buildActionMask = 2147483647;
			files = (
			);
			runOnlyForDeploymentPostprocessing = 0;
		};
/* End PBXFrameworksBuildPhase section */

/* Begin PBXGroup section */
		FF11C2DC2515B088008FC268 = {
			isa = PBXGroup;
			children = (
				FF11C2E72515B089008FC268 /* BindingIsChecked */,
				FF11C2E62515B089008FC268 /* Products */,
			);
			sourceTree = "<group>";
		};
		FF11C2E62515B089008FC268 /* Products */ = {
			isa = PBXGroup;
			children = (
				FF11C2E52515B089008FC268 /* BindingIsChecked.app */,
			);
			name = Products;
			sourceTree = "<group>";
		};
		FF11C2E72515B089008FC268 /* BindingIsChecked */ = {
			isa = PBXGroup;
			children = (
				FF11C2E82515B089008FC268 /* BindingIsCheckedApp.swift */,
				FF11C2EA2515B089008FC268 /* ContentView.swift */,
				FF11C2EC2515B08E008FC268 /* Assets.xcassets */,
				FF11C2F12515B08E008FC268 /* Info.plist */,
				FF11C2EE2515B08E008FC268 /* Preview Content */,
			);
			path = BindingIsChecked;
			sourceTree = "<group>";
		};
		FF11C2EE2515B08E008FC268 /* Preview Content */ = {
			isa = PBXGroup;
			children = (
				FF11C2EF2515B08E008FC268 /* Preview Assets.xcassets */,
			);
			path = "Preview Content";
			sourceTree = "<group>";
		};
/* End PBXGroup section */

/* Begin PBXNativeTarget section */
		FF11C2E42515B089008FC268 /* BindingIsChecked */ = {
			isa = PBXNativeTarget;
			buildConfigurationList = FF11C2F42515B08E008FC268 /* Build configuration list for PBXNativeTarget "BindingIsChecked" */;
			buildPhases = (
				FF11C2E12515B089008FC268 /* Sources */,
				FF11C2E22515B089008FC268 /* Frameworks */,
				FF11C2E32515B089008FC268 /* Resources */,
			);
			buildRules = (
			);
			dependencies = (
			);
			name = BindingIsChecked;
			productName = BindingIsChecked;
			productReference = FF11C2E52515B089008FC268 /* BindingIsChecked.app */;
			productType = "com.apple.product-type.application";
		};
/* End PBXNativeTarget section */

/* Begin PBXProject section */
		FF11C2DD2515B088008FC268 /* Project object */ = {
			isa = PBXProject;
			attributes = {
				LastSwiftUpdateCheck = 1200;
				LastUpgradeCheck = 1200;
				TargetAttributes = {
					FF11C2E42515B089008FC268 = {
						CreatedOnToolsVersion = 12.0;
					};
				};
			};
			buildConfigurationList = FF11C2E02515B088008FC268 /* Build configuration list for PBXProject "BindingIsChecked" */;
			compatibilityVersion = "Xcode 9.3";
			developmentRegion = en;
			hasScannedForEncodings = 0;
			knownRegions = (
				en,
				Base,
			);
			mainGroup = FF11C2DC2515B088008FC268;
			productRefGroup = FF11C2E62515B089008FC268 /* Products */;
			projectDirPath = "";
			projectRoot = "";
			targets = (
				FF11C2E42515B089008FC268 /* BindingIsChecked */,
			);
		};
/* End PBXProject section */

/* Begin PBXResourcesBuildPhase section */
		FF11C2E32515B089008FC268 /* Resources */ = {
			isa = PBXResourcesBuildPhase;
			buildActionMask = 2147483647;
			files = (
				FF11C2F02515B08E008FC268 /* Preview Assets.xcassets in Resources */,
				FF11C2ED2515B08E008FC268 /* Assets.xcassets in Resources */,
			);
			runOnlyForDeploymentPostprocessing = 0;
		};
/* End PBXResourcesBuildPhase section */

/* Begin PBXSourcesBuildPhase section */
		FF11C2E12515B089008FC268 /* Sources */ = {
			isa = PBXSourcesBuildPhase;
			buildActionMask = 2147483647;
			files = (
				FF11C2EB2515B089008FC268 /* ContentView.swift in Sources */,
				FF11C2E92515B089008FC268 /* BindingIsCheckedApp.swift in Sources */,
			);
			runOnlyForDeploymentPostprocessing = 0;
		};
/* End PBXSourcesBuildPhase section */

/* Begin XCBuildConfiguration section */
		FF11C2F22515B08E008FC268 /* Debug */ = {
			isa = XCBuildConfiguration;
			buildSettings = {
				ALWAYS_SEARCH_USER_PATHS = NO;
				CLANG_ANALYZER_NONNULL = YES;
				CLANG_ANALYZER_NUMBER_OBJECT_CONVERSION = YES_AGGRESSIVE;
				CLANG_CXX_LANGUAGE_STANDARD = "gnu++14";
				CLANG_CXX_LIBRARY = "libc++";
				CLANG_ENABLE_MODULES = YES;
				CLANG_ENABLE_OBJC_ARC = YES;
				CLANG_ENABLE_OBJC_WEAK = YES;
				CLANG_WARN_BLOCK_CAPTURE_AUTORELEASING = YES;
				CLANG_WARN_BOOL_CONVERSION = YES;
				CLANG_WARN_COMMA = YES;
				CLANG_WARN_CONSTANT_CONVERSION = YES;
				CLANG_WARN_DEPRECATED_OBJC_IMPLEMENTATIONS = YES;
				CLANG_WARN_DIRECT_OBJC_ISA_USAGE = YES_ERROR;
				CLANG_WARN_DOCUMENTATION_COMMENTS = YES;
				CLANG_WARN_EMPTY_BODY = YES;
				CLANG_WARN_ENUM_CONVERSION = YES;
				CLANG_WARN_INFINITE_RECURSION = YES;
				CLANG_WARN_INT_CONVERSION = YES;
				CLANG_WARN_NON_LITERAL_NULL_CONVERSION = YES;
				CLANG_WARN_OBJC_IMPLICIT_RETAIN_SELF = YES;
				CLANG_WARN_OBJC_LITERAL_CONVERSION = YES;
				CLANG_WARN_OBJC_ROOT_CLASS = YES_ERROR;
				CLANG_WARN_QUOTED_INCLUDE_IN_FRAMEWORK_HEADER = YES;
				CLANG_WARN_RANGE_LOOP_ANALYSIS = YES;
				CLANG_WARN_STRICT_PROTOTYPES = YES;
				CLANG_WARN_SUSPICIOUS_MOVE = YES;
				CLANG_WARN_UNGUARDED_AVAILABILITY = YES_AGGRESSIVE;
				CLANG_WARN_UNREACHABLE_CODE = YES;
				CLANG_WARN__DUPLICATE_METHOD_MATCH = YES;
				COPY_PHASE_STRIP = NO;
				DEBUG_INFORMATION_FORMAT = dwarf;
				ENABLE_STRICT_OBJC_MSGSEND = YES;
				ENABLE_TESTABILITY = YES;
				GCC_C_LANGUAGE_STANDARD = gnu11;
				GCC_DYNAMIC_NO_PIC = NO;
				GCC_NO_COMMON_BLOCKS = YES;
				GCC_OPTIMIZATION_LEVEL = 0;
				GCC_PREPROCESSOR_DEFINITIONS = (
					"DEBUG=1",
					"$(inherited)",
				);
				GCC_WARN_64_TO_32_BIT_CONVERSION = YES;
				GCC_WARN_ABOUT_RETURN_TYPE = YES_ERROR;
				GCC_WARN_UNDECLARED_SELECTOR = YES;
				GCC_WARN_UNINITIALIZED_AUTOS = YES_AGGRESSIVE;
				GCC_WARN_UNUSED_FUNCTION = YES;
				GCC_WARN_UNUSED_VARIABLE = YES;
				IPHONEOS_DEPLOYMENT_TARGET = 14.0;
				MTL_ENABLE_DEBUG_INFO = INCLUDE_SOURCE;
				MTL_FAST_MATH = YES;
				ONLY_ACTIVE_ARCH = YES;
				SDKROOT = iphoneos;
				SWIFT_ACTIVE_COMPILATION_CONDITIONS = DEBUG;
				SWIFT_OPTIMIZATION_LEVEL = "-Onone";
			};
			name = Debug;
		};
		FF11C2F32515B08E008FC268 /* Release */ = {
			isa = XCBuildConfiguration;
			buildSettings = {
				ALWAYS_SEARCH_USER_PATHS = NO;
				CLANG_ANALYZER_NONNULL = YES;
				CLANG_ANALYZER_NUMBER_OBJECT_CONVERSION = YES_AGGRESSIVE;
				CLANG_CXX_LANGUAGE_STANDARD = "gnu++14";
				CLANG_CXX_LIBRARY = "libc++";
				CLANG_ENABLE_MODULES = YES;
				CLANG_ENABLE_OBJC_ARC = YES;
				CLANG_ENABLE_OBJC_WEAK = YES;
				CLANG_WARN_BLOCK_CAPTURE_AUTORELEASING = YES;
				CLANG_WARN_BOOL_CONVERSION = YES;
				CLANG_WARN_COMMA = YES;
				CLANG_WARN_CONSTANT_CONVERSION = YES;
				CLANG_WARN_DEPRECATED_OBJC_IMPLEMENTATIONS = YES;
				CLANG_WARN_DIRECT_OBJC_ISA_USAGE = YES_ERROR;
				CLANG_WARN_DOCUMENTATION_COMMENTS = YES;
				CLANG_WARN_EMPTY_BODY = YES;
				CLANG_WARN_ENUM_CONVERSION = YES;
				CLANG_WARN_INFINITE_RECURSION = YES;
				CLANG_WARN_INT_CONVERSION = YES;
				CLANG_WARN_NON_LITERAL_NULL_CONVERSION = YES;
				CLANG_WARN_OBJC_IMPLICIT_RETAIN_SELF = YES;
				CLANG_WARN_OBJC_LITERAL_CONVERSION = YES;
				CLANG_WARN_OBJC_ROOT_CLASS = YES_ERROR;
				CLANG_WARN_QUOTED_INCLUDE_IN_FRAMEWORK_HEADER = YES;
				CLANG_WARN_RANGE_LOOP_ANALYSIS = YES;
				CLANG_WARN_STRICT_PROTOTYPES = YES;
				CLANG_WARN_SUSPICIOUS_MOVE = YES;
				CLANG_WARN_UNGUARDED_AVAILABILITY = YES_AGGRESSIVE;
				CLANG_WARN_UNREACHABLE_CODE = YES;
				CLANG_WARN__DUPLICATE_METHOD_MATCH = YES;
				COPY_PHASE_STRIP = NO;
				DEBUG_INFORMATION_FORMAT = "dwarf-with-dsym";
				ENABLE_NS_ASSERTIONS = NO;
				ENABLE_STRICT_OBJC_MSGSEND = YES;
				GCC_C_LANGUAGE_STANDARD = gnu11;
				GCC_NO_COMMON_BLOCKS = YES;
				GCC_WARN_64_TO_32_BIT_CONVERSION = YES;
				GCC_WARN_ABOUT_RETURN_TYPE = YES_ERROR;
				GCC_WARN_UNDECLARED_SELECTOR = YES;
				GCC_WARN_UNINITIALIZED_AUTOS = YES_AGGRESSIVE;
				GCC_WARN_UNUSED_FUNCTION = YES;
				GCC_WARN_UNUSED_VARIABLE = YES;
				IPHONEOS_DEPLOYMENT_TARGET = 14.0;
				MTL_ENABLE_DEBUG_INFO = NO;
				MTL_FAST_MATH = YES;
				SDKROOT = iphoneos;
				SWIFT_COMPILATION_MODE = wholemodule;
				SWIFT_OPTIMIZATION_LEVEL = "-O";
				VALIDATE_PRODUCT = YES;
			};
			name = Release;
		};
		FF11C2F52515B08E008FC268 /* Debug */ = {
			isa = XCBuildConfiguration;
			buildSettings = {
				ASSETCATALOG_COMPILER_APPICON_NAME = AppIcon;
				ASSETCATALOG_COMPILER_GLOBAL_ACCENT_COLOR_NAME = AccentColor;
				CODE_SIGN_STYLE = Automatic;
				DEVELOPMENT_ASSET_PATHS = "\"BindingIsChecked/Preview Content\"";
				DEVELOPMENT_TEAM = EV28Y3W68P;
				ENABLE_PREVIEWS = YES;
				INFOPLIST_FILE = BindingIsChecked/Info.plist;
				IPHONEOS_DEPLOYMENT_TARGET = 14.0;
				LD_RUNPATH_SEARCH_PATHS = (
					"$(inherited)",
					"@executable_path/Frameworks",
				);
				PRODUCT_BUNDLE_IDENTIFIER = com.oshige.BindingIsChecked;
				PRODUCT_NAME = "$(TARGET_NAME)";
				SWIFT_VERSION = 5.0;
				TARGETED_DEVICE_FAMILY = "1,2";
			};
			name = Debug;
		};
		FF11C2F62515B08E008FC268 /* Release */ = {
			isa = XCBuildConfiguration;
			buildSettings = {
				ASSETCATALOG_COMPILER_APPICON_NAME = AppIcon;
				ASSETCATALOG_COMPILER_GLOBAL_ACCENT_COLOR_NAME = AccentColor;
				CODE_SIGN_STYLE = Automatic;
				DEVELOPMENT_ASSET_PATHS = "\"BindingIsChecked/Preview Content\"";
				DEVELOPMENT_TEAM = EV28Y3W68P;
				ENABLE_PREVIEWS = YES;
				INFOPLIST_FILE = BindingIsChecked/Info.plist;
				IPHONEOS_DEPLOYMENT_TARGET = 14.0;
				LD_RUNPATH_SEARCH_PATHS = (
					"$(inherited)",
					"@executable_path/Frameworks",
				);
				PRODUCT_BUNDLE_IDENTIFIER = com.oshige.BindingIsChecked;
				PRODUCT_NAME = "$(TARGET_NAME)";
				SWIFT_VERSION = 5.0;
				TARGETED_DEVICE_FAMILY = "1,2";
			};
			name = Release;
		};
/* End XCBuildConfiguration section */

/* Begin XCConfigurationList section */
		FF11C2E02515B088008FC268 /* Build configuration list for PBXProject "BindingIsChecked" */ = {
			isa = XCConfigurationList;
			buildConfigurations = (
				FF11C2F22515B08E008FC268 /* Debug */,
				FF11C2F32515B08E008FC268 /* Release */,
			);
			defaultConfigurationIsVisible = 0;
			defaultConfigurationName = Release;
		};
		FF11C2F42515B08E008FC268 /* Build configuration list for PBXNativeTarget "BindingIsChecked" */ = {
			isa = XCConfigurationList;
			buildConfigurations = (
				FF11C2F52515B08E008FC268 /* Debug */,
				FF11C2F62515B08E008FC268 /* Release */,
			);
			defaultConfigurationIsVisible = 0;
			defaultConfigurationName = Release;
		};
/* End XCConfigurationList section */
	};
	rootObject = FF11C2DD2515B088008FC268 /* Project object */;
}
