// !$*UTF8*$!
{
	archiveVersion = 1;
	classes = {
	};
	objectVersion = 50;
	objects = {

/* Begin PBXBuildFile section */
		FFF16971253A97EB00DD1779 /* DatePickerDisplayedComponentsApp.swift in Sources */ = {isa = PBXBuildFile; fileRef = FFF16970253A97EB00DD1779 /* DatePickerDisplayedComponentsApp.swift */; };
		FFF16973253A97EB00DD1779 /* ContentView.swift in Sources */ = {isa = PBXBuildFile; fileRef = FFF16972253A97EB00DD1779 /* ContentView.swift */; };
		FFF16975253A97F200DD1779 /* Assets.xcassets in Resources */ = {isa = PBXBuildFile; fileRef = FFF16974253A97F200DD1779 /* Assets.xcassets */; };
		FFF16978253A97F200DD1779 /* Preview Assets.xcassets in Resources */ = {isa = PBXBuildFile; fileRef = FFF16977253A97F200DD1779 /* Preview Assets.xcassets */; };
/* End PBXBuildFile section */

/* Begin PBXFileReference section */
		FFF1696D253A97EB00DD1779 /* DatePickerDisplayedComponents.app */ = {isa = PBXFileReference; explicitFileType = wrapper.application; includeInIndex = 0; path = DatePickerDisplayedComponents.app; sourceTree = BUILT_PRODUCTS_DIR; };
		FFF16970253A97EB00DD1779 /* DatePickerDisplayedComponentsApp.swift */ = {isa = PBXFileReference; lastKnownFileType = sourcecode.swift; path = DatePickerDisplayedComponentsApp.swift; sourceTree = "<group>"; };
		FFF16972253A97EB00DD1779 /* ContentView.swift */ = {isa = PBXFileReference; lastKnownFileType = sourcecode.swift; path = ContentView.swift; sourceTree = "<group>"; };
		FFF16974253A97F200DD1779 /* Assets.xcassets */ = {isa = PBXFileReference; lastKnownFileType = folder.assetcatalog; path = Assets.xcassets; sourceTree = "<group>"; };
		FFF16977253A97F200DD1779 /* Preview Assets.xcassets */ = {isa = PBXFileReference; lastKnownFileType = folder.assetcatalog; path = "Preview Assets.xcassets"; sourceTree = "<group>"; };
		FFF16979253A97F200DD1779 /* Info.plist */ = {isa = PBXFileReference; lastKnownFileType = text.plist.xml; path = Info.plist; sourceTree = "<group>"; };
/* End PBXFileReference section */

/* Begin PBXFrameworksBuildPhase section */
		FFF1696A253A97EB00DD1779 /* Frameworks */ = {
			isa = PBXFrameworksBuildPhase;
			buildActionMask = 2147483647;
			files = (
			);
			runOnlyForDeploymentPostprocessing = 0;
		};
/* End PBXFrameworksBuildPhase section */

/* Begin PBXGroup section */
		FFF16964253A97EB00DD1779 = {
			isa = PBXGroup;
			children = (
				FFF1696F253A97EB00DD1779 /* DatePickerDisplayedComponents */,
				FFF1696E253A97EB00DD1779 /* Products */,
			);
			sourceTree = "<group>";
		};
		FFF1696E253A97EB00DD1779 /* Products */ = {
			isa = PBXGroup;
			children = (
				FFF1696D253A97EB00DD1779 /* DatePickerDisplayedComponents.app */,
			);
			name = Products;
			sourceTree = "<group>";
		};
		FFF1696F253A97EB00DD1779 /* DatePickerDisplayedComponents */ = {
			isa = PBXGroup;
			children = (
				FFF16970253A97EB00DD1779 /* DatePickerDisplayedComponentsApp.swift */,
				FFF16972253A97EB00DD1779 /* ContentView.swift */,
				FFF16974253A97F200DD1779 /* Assets.xcassets */,
				FFF16979253A97F200DD1779 /* Info.plist */,
				FFF16976253A97F200DD1779 /* Preview Content */,
			);
			path = DatePickerDisplayedComponents;
			sourceTree = "<group>";
		};
		FFF16976253A97F200DD1779 /* Preview Content */ = {
			isa = PBXGroup;
			children = (
				FFF16977253A97F200DD1779 /* Preview Assets.xcassets */,
			);
			path = "Preview Content";
			sourceTree = "<group>";
		};
/* End PBXGroup section */

/* Begin PBXNativeTarget section */
		FFF1696C253A97EB00DD1779 /* DatePickerDisplayedComponents */ = {
			isa = PBXNativeTarget;
			buildConfigurationList = FFF1697C253A97F200DD1779 /* Build configuration list for PBXNativeTarget "DatePickerDisplayedComponents" */;
			buildPhases = (
				FFF16969253A97EB00DD1779 /* Sources */,
				FFF1696A253A97EB00DD1779 /* Frameworks */,
				FFF1696B253A97EB00DD1779 /* Resources */,
			);
			buildRules = (
			);
			dependencies = (
			);
			name = DatePickerDisplayedComponents;
			productName = DatePickerDisplayedComponents;
			productReference = FFF1696D253A97EB00DD1779 /* DatePickerDisplayedComponents.app */;
			productType = "com.apple.product-type.application";
		};
/* End PBXNativeTarget section */

/* Begin PBXProject section */
		FFF16965253A97EB00DD1779 /* Project object */ = {
			isa = PBXProject;
			attributes = {
				LastSwiftUpdateCheck = 1220;
				LastUpgradeCheck = 1220;
				TargetAttributes = {
					FFF1696C253A97EB00DD1779 = {
						CreatedOnToolsVersion = 12.2;
					};
				};
			};
			buildConfigurationList = FFF16968253A97EB00DD1779 /* Build configuration list for PBXProject "DatePickerDisplayedComponents" */;
			compatibilityVersion = "Xcode 9.3";
			developmentRegion = en;
			hasScannedForEncodings = 0;
			knownRegions = (
				en,
				Base,
			);
			mainGroup = FFF16964253A97EB00DD1779;
			productRefGroup = FFF1696E253A97EB00DD1779 /* Products */;
			projectDirPath = "";
			projectRoot = "";
			targets = (
				FFF1696C253A97EB00DD1779 /* DatePickerDisplayedComponents */,
			);
		};
/* End PBXProject section */

/* Begin PBXResourcesBuildPhase section */
		FFF1696B253A97EB00DD1779 /* Resources */ = {
			isa = PBXResourcesBuildPhase;
			buildActionMask = 2147483647;
			files = (
				FFF16978253A97F200DD1779 /* Preview Assets.xcassets in Resources */,
				FFF16975253A97F200DD1779 /* Assets.xcassets in Resources */,
			);
			runOnlyForDeploymentPostprocessing = 0;
		};
/* End PBXResourcesBuildPhase section */

/* Begin PBXSourcesBuildPhase section */
		FFF16969253A97EB00DD1779 /* Sources */ = {
			isa = PBXSourcesBuildPhase;
			buildActionMask = 2147483647;
			files = (
				FFF16973253A97EB00DD1779 /* ContentView.swift in Sources */,
				FFF16971253A97EB00DD1779 /* DatePickerDisplayedComponentsApp.swift in Sources */,
			);
			runOnlyForDeploymentPostprocessing = 0;
		};
/* End PBXSourcesBuildPhase section */

/* Begin XCBuildConfiguration section */
		FFF1697A253A97F200DD1779 /* Debug */ = {
			isa = XCBuildConfiguration;
			buildSettings = {
				ALWAYS_SEARCH_USER_PATHS = NO;
				CLANG_ANALYZER_NONNULL = YES;
				CLANG_ANALYZER_NUMBER_OBJECT_CONVERSION = YES_AGGRESSIVE;
				CLANG_CXX_LANGUAGE_STANDARD = "gnu++14";
				CLANG_CXX_LIBRARY = "libc++";
				CLANG_ENABLE_MODULES = YES;
				CLANG_ENABLE_OBJC_ARC = YES;
				CLANG_ENABLE_OBJC_WEAK = YES;
				CLANG_WARN_BLOCK_CAPTURE_AUTORELEASING = YES;
				CLANG_WARN_BOOL_CONVERSION = YES;
				CLANG_WARN_COMMA = YES;
				CLANG_WARN_CONSTANT_CONVERSION = YES;
				CLANG_WARN_DEPRECATED_OBJC_IMPLEMENTATIONS = YES;
				CLANG_WARN_DIRECT_OBJC_ISA_USAGE = YES_ERROR;
				CLANG_WARN_DOCUMENTATION_COMMENTS = YES;
				CLANG_WARN_EMPTY_BODY = YES;
				CLANG_WARN_ENUM_CONVERSION = YES;
				CLANG_WARN_INFINITE_RECURSION = YES;
				CLANG_WARN_INT_CONVERSION = YES;
				CLANG_WARN_NON_LITERAL_NULL_CONVERSION = YES;
				CLANG_WARN_OBJC_IMPLICIT_RETAIN_SELF = YES;
				CLANG_WARN_OBJC_LITERAL_CONVERSION = YES;
				CLANG_WARN_OBJC_ROOT_CLASS = YES_ERROR;
				CLANG_WARN_QUOTED_INCLUDE_IN_FRAMEWORK_HEADER = YES;
				CLANG_WARN_RANGE_LOOP_ANALYSIS = YES;
				CLANG_WARN_STRICT_PROTOTYPES = YES;
				CLANG_WARN_SUSPICIOUS_MOVE = YES;
				CLANG_WARN_UNGUARDED_AVAILABILITY = YES_AGGRESSIVE;
				CLANG_WARN_UNREACHABLE_CODE = YES;
				CLANG_WARN__DUPLICATE_METHOD_MATCH = YES;
				COPY_PHASE_STRIP = NO;
				DEBUG_INFORMATION_FORMAT = dwarf;
				ENABLE_STRICT_OBJC_MSGSEND = YES;
				ENABLE_TESTABILITY = YES;
				GCC_C_LANGUAGE_STANDARD = gnu11;
				GCC_DYNAMIC_NO_PIC = NO;
				GCC_NO_COMMON_BLOCKS = YES;
				GCC_OPTIMIZATION_LEVEL = 0;
				GCC_PREPROCESSOR_DEFINITIONS = (
					"DEBUG=1",
					"$(inherited)",
				);
				GCC_WARN_64_TO_32_BIT_CONVERSION = YES;
				GCC_WARN_ABOUT_RETURN_TYPE = YES_ERROR;
				GCC_WARN_UNDECLARED_SELECTOR = YES;
				GCC_WARN_UNINITIALIZED_AUTOS = YES_AGGRESSIVE;
				GCC_WARN_UNUSED_FUNCTION = YES;
				GCC_WARN_UNUSED_VARIABLE = YES;
				IPHONEOS_DEPLOYMENT_TARGET = 14.2;
				MTL_ENABLE_DEBUG_INFO = INCLUDE_SOURCE;
				MTL_FAST_MATH = YES;
				ONLY_ACTIVE_ARCH = YES;
				SDKROOT = iphoneos;
				SWIFT_ACTIVE_COMPILATION_CONDITIONS = DEBUG;
				SWIFT_OPTIMIZATION_LEVEL = "-Onone";
			};
			name = Debug;
		};
		FFF1697B253A97F200DD1779 /* Release */ = {
			isa = XCBuildConfiguration;
			buildSettings = {
				ALWAYS_SEARCH_USER_PATHS = NO;
				CLANG_ANALYZER_NONNULL = YES;
				CLANG_ANALYZER_NUMBER_OBJECT_CONVERSION = YES_AGGRESSIVE;
				CLANG_CXX_LANGUAGE_STANDARD = "gnu++14";
				CLANG_CXX_LIBRARY = "libc++";
				CLANG_ENABLE_MODULES = YES;
				CLANG_ENABLE_OBJC_ARC = YES;
				CLANG_ENABLE_OBJC_WEAK = YES;
				CLANG_WARN_BLOCK_CAPTURE_AUTORELEASING = YES;
				CLANG_WARN_BOOL_CONVERSION = YES;
				CLANG_WARN_COMMA = YES;
				CLANG_WARN_CONSTANT_CONVERSION = YES;
				CLANG_WARN_DEPRECATED_OBJC_IMPLEMENTATIONS = YES;
				CLANG_WARN_DIRECT_OBJC_ISA_USAGE = YES_ERROR;
				CLANG_WARN_DOCUMENTATION_COMMENTS = YES;
				CLANG_WARN_EMPTY_BODY = YES;
				CLANG_WARN_ENUM_CONVERSION = YES;
				CLANG_WARN_INFINITE_RECURSION = YES;
				CLANG_WARN_INT_CONVERSION = YES;
				CLANG_WARN_NON_LITERAL_NULL_CONVERSION = YES;
				CLANG_WARN_OBJC_IMPLICIT_RETAIN_SELF = YES;
				CLANG_WARN_OBJC_LITERAL_CONVERSION = YES;
				CLANG_WARN_OBJC_ROOT_CLASS = YES_ERROR;
				CLANG_WARN_QUOTED_INCLUDE_IN_FRAMEWORK_HEADER = YES;
				CLANG_WARN_RANGE_LOOP_ANALYSIS = YES;
				CLANG_WARN_STRICT_PROTOTYPES = YES;
				CLANG_WARN_SUSPICIOUS_MOVE = YES;
				CLANG_WARN_UNGUARDED_AVAILABILITY = YES_AGGRESSIVE;
				CLANG_WARN_UNREACHABLE_CODE = YES;
				CLANG_WARN__DUPLICATE_METHOD_MATCH = YES;
				COPY_PHASE_STRIP = NO;
				DEBUG_INFORMATION_FORMAT = "dwarf-with-dsym";
				ENABLE_NS_ASSERTIONS = NO;
				ENABLE_STRICT_OBJC_MSGSEND = YES;
				GCC_C_LANGUAGE_STANDARD = gnu11;
				GCC_NO_COMMON_BLOCKS = YES;
				GCC_WARN_64_TO_32_BIT_CONVERSION = YES;
				GCC_WARN_ABOUT_RETURN_TYPE = YES_ERROR;
				GCC_WARN_UNDECLARED_SELECTOR = YES;
				GCC_WARN_UNINITIALIZED_AUTOS = YES_AGGRESSIVE;
				GCC_WARN_UNUSED_FUNCTION = YES;
				GCC_WARN_UNUSED_VARIABLE = YES;
				IPHONEOS_DEPLOYMENT_TARGET = 14.2;
				MTL_ENABLE_DEBUG_INFO = NO;
				MTL_FAST_MATH = YES;
				SDKROOT = iphoneos;
				SWIFT_COMPILATION_MODE = wholemodule;
				SWIFT_OPTIMIZATION_LEVEL = "-O";
				VALIDATE_PRODUCT = YES;
			};
			name = Release;
		};
		FFF1697D253A97F200DD1779 /* Debug */ = {
			isa = XCBuildConfiguration;
			buildSettings = {
				ASSETCATALOG_COMPILER_APPICON_NAME = AppIcon;
				ASSETCATALOG_COMPILER_GLOBAL_ACCENT_COLOR_NAME = AccentColor;
				CODE_SIGN_STYLE = Automatic;
				DEVELOPMENT_ASSET_PATHS = "\"DatePickerDisplayedComponents/Preview Content\"";
				DEVELOPMENT_TEAM = V5KM7Z3U9G;
				ENABLE_PREVIEWS = YES;
				INFOPLIST_FILE = DatePickerDisplayedComponents/Info.plist;
				IPHONEOS_DEPLOYMENT_TARGET = 14.0;
				LD_RUNPATH_SEARCH_PATHS = (
					"$(inherited)",
					"@executable_path/Frameworks",
				);
				PRODUCT_BUNDLE_IDENTIFIER = com.oshige.dev.DatePickerDisplayedComponents;
				PRODUCT_NAME = "$(TARGET_NAME)";
				SWIFT_VERSION = 5.0;
				TARGETED_DEVICE_FAMILY = "1,2";
			};
			name = Debug;
		};
		FFF1697E253A97F200DD1779 /* Release */ = {
			isa = XCBuildConfiguration;
			buildSettings = {
				ASSETCATALOG_COMPILER_APPICON_NAME = AppIcon;
				ASSETCATALOG_COMPILER_GLOBAL_ACCENT_COLOR_NAME = AccentColor;
				CODE_SIGN_STYLE = Automatic;
				DEVELOPMENT_ASSET_PATHS = "\"DatePickerDisplayedComponents/Preview Content\"";
				DEVELOPMENT_TEAM = V5KM7Z3U9G;
				ENABLE_PREVIEWS = YES;
				INFOPLIST_FILE = DatePickerDisplayedComponents/Info.plist;
				IPHONEOS_DEPLOYMENT_TARGET = 14.0;
				LD_RUNPATH_SEARCH_PATHS = (
					"$(inherited)",
					"@executable_path/Frameworks",
				);
				PRODUCT_BUNDLE_IDENTIFIER = com.oshige.dev.DatePickerDisplayedComponents;
				PRODUCT_NAME = "$(TARGET_NAME)";
				SWIFT_VERSION = 5.0;
				TARGETED_DEVICE_FAMILY = "1,2";
			};
			name = Release;
		};
/* End XCBuildConfiguration section */

/* Begin XCConfigurationList section */
		FFF16968253A97EB00DD1779 /* Build configuration list for PBXProject "DatePickerDisplayedComponents" */ = {
			isa = XCConfigurationList;
			buildConfigurations = (
				FFF1697A253A97F200DD1779 /* Debug */,
				FFF1697B253A97F200DD1779 /* Release */,
			);
			defaultConfigurationIsVisible = 0;
			defaultConfigurationName = Release;
		};
		FFF1697C253A97F200DD1779 /* Build configuration list for PBXNativeTarget "DatePickerDisplayedComponents" */ = {
			isa = XCConfigurationList;
			buildConfigurations = (
				FFF1697D253A97F200DD1779 /* Debug */,
				FFF1697E253A97F200DD1779 /* Release */,
			);
			defaultConfigurationIsVisible = 0;
			defaultConfigurationName = Release;
		};
/* End XCConfigurationList section */
	};
	rootObject = FFF16965253A97EB00DD1779 /* Project object */;
}
